
Microsoft Visual Studio Solution File, Format Version 12.00
# Visual Studio Version 16
VisualStudioVersion = 16.0.30907.101
MinimumVisualStudioVersion = 10.0.40219.1
Project("{8BC9CEB8-8B4A-11D0-8D11-00A0C91BC942}") = "CPlusPlusNfiqTest", "CPlusPlusNfiqTest\CPlusPlusNfiqTest.vcxproj", "{7701F096-9690-49D1-9F7B-0A5D20CE12CA}"
EndProject
Global
	GlobalSection(SolutionConfigurationPlatforms) = preSolution
		Debug|x64 = Debug|x64
		Debug|x86 = Debug|x86
		Release|x64 = Release|x64
		Release|x86 = Release|x86
	EndGlobalSection
	GlobalSection(ProjectConfigurationPlatforms) = postSolution
		{7701F096-9690-49D1-9F7B-0A5D20CE12CA}.Debug|x64.ActiveCfg = Debug|x64
		{7701F096-9690-49D1-9F7B-0A5D20CE12CA}.Debug|x64.Build.0 = Debug|x64
		{7701F096-9690-49D1-9F7B-0A5D20CE12CA}.Debug|x86.ActiveCfg = Debug|Win32
		{7701F096-9690-49D1-9F7B-0A5D20CE12CA}.Debug|x86.Build.0 = Debug|Win32
		{7701F096-9690-49D1-9F7B-0A5D20CE12CA}.Release|x64.ActiveCfg = Release|x64
		{7701F096-9690-49D1-9F7B-0A5D20CE12CA}.Release|x64.Build.0 = Release|x64
		{7701F096-9690-49D1-9F7B-0A5D20CE12CA}.Release|x86.ActiveCfg = Release|Win32
		{7701F096-9690-49D1-9F7B-0A5D20CE12CA}.Release|x86.Build.0 = Release|Win32
	EndGlobalSection
	GlobalSection(SolutionProperties) = preSolution
		HideSolutionNode = FALSE
	EndGlobalSection
	GlobalSection(ExtensibilityGlobals) = postSolution
		SolutionGuid = {47447E70-FF69-4C39-BADC-0BF25CB18F30}
	EndGlobalSection
EndGlobal
